
Microsoft Visual Studio Solution File, Format Version 12.00
# Visual Studio Version 17
VisualStudioVersion = 17.8.34316.72
MinimumVisualStudioVersion = 10.0.40219.1
Project("{9A19103F-16F7-4668-BE54-9A1E7A4F7556}") = "Domain", "Domain\Domain.csproj", "{0BFCDF8E-4080-4936-9E44-2D0F6C2BC663}"
EndProject
Project("{9A19103F-16F7-4668-BE54-9A1E7A4F7556}") = "Application", "Application\Application.csproj", "{CA5A9A24-9579-4801-8A2A-96909C145FF3}"
EndProject
Project("{9A19103F-16F7-4668-BE54-9A1E7A4F7556}") = "Infrastructure", "Infrastructure\Infrastructure.csproj", "{10BA4541-6066-437F-A93D-01CC2645957C}"
EndProject
Project("{9A19103F-16F7-4668-BE54-9A1E7A4F7556}") = "WebAPI", "WebAPI\WebAPI.csproj", "{62A8ABA7-F08F-45E7-92E6-8CDE3CE574A5}"
EndProject
Project("{E53339B2-1760-4266-BCC7-CA923CBCF16C}") = "docker-compose", "docker-compose.dcproj", "{5B2C7DC9-05D5-4B84-8D09-2FFA91AEE735}"
EndProject
Global
	GlobalSection(SolutionConfigurationPlatforms) = preSolution
		Debug|Any CPU = Debug|Any CPU
		Release|Any CPU = Release|Any CPU
	EndGlobalSection
	GlobalSection(ProjectConfigurationPlatforms) = postSolution
		{0BFCDF8E-4080-4936-9E44-2D0F6C2BC663}.Debug|Any CPU.ActiveCfg = Debug|Any CPU
		{0BFCDF8E-4080-4936-9E44-2D0F6C2BC663}.Debug|Any CPU.Build.0 = Debug|Any CPU
		{0BFCDF8E-4080-4936-9E44-2D0F6C2BC663}.Release|Any CPU.ActiveCfg = Release|Any CPU
		{0BFCDF8E-4080-4936-9E44-2D0F6C2BC663}.Release|Any CPU.Build.0 = Release|Any CPU
		{CA5A9A24-9579-4801-8A2A-96909C145FF3}.Debug|Any CPU.ActiveCfg = Debug|Any CPU
		{CA5A9A24-9579-4801-8A2A-96909C145FF3}.Debug|Any CPU.Build.0 = Debug|Any CPU
		{CA5A9A24-9579-4801-8A2A-96909C145FF3}.Release|Any CPU.ActiveCfg = Release|Any CPU
		{CA5A9A24-9579-4801-8A2A-96909C145FF3}.Release|Any CPU.Build.0 = Release|Any CPU
		{10BA4541-6066-437F-A93D-01CC2645957C}.Debug|Any CPU.ActiveCfg = Debug|Any CPU
		{10BA4541-6066-437F-A93D-01CC2645957C}.Debug|Any CPU.Build.0 = Debug|Any CPU
		{10BA4541-6066-437F-A93D-01CC2645957C}.Release|Any CPU.ActiveCfg = Release|Any CPU
		{10BA4541-6066-437F-A93D-01CC2645957C}.Release|Any CPU.Build.0 = Release|Any CPU
		{62A8ABA7-F08F-45E7-92E6-8CDE3CE574A5}.Debug|Any CPU.ActiveCfg = Debug|Any CPU
		{62A8ABA7-F08F-45E7-92E6-8CDE3CE574A5}.Debug|Any CPU.Build.0 = Debug|Any CPU
		{62A8ABA7-F08F-45E7-92E6-8CDE3CE574A5}.Release|Any CPU.ActiveCfg = Release|Any CPU
		{62A8ABA7-F08F-45E7-92E6-8CDE3CE574A5}.Release|Any CPU.Build.0 = Release|Any CPU
		{5B2C7DC9-05D5-4B84-8D09-2FFA91AEE735}.Debug|Any CPU.ActiveCfg = Debug|Any CPU
		{5B2C7DC9-05D5-4B84-8D09-2FFA91AEE735}.Debug|Any CPU.Build.0 = Debug|Any CPU
		{5B2C7DC9-05D5-4B84-8D09-2FFA91AEE735}.Release|Any CPU.ActiveCfg = Release|Any CPU
		{5B2C7DC9-05D5-4B84-8D09-2FFA91AEE735}.Release|Any CPU.Build.0 = Release|Any CPU
	EndGlobalSection
	GlobalSection(SolutionProperties) = preSolution
		HideSolutionNode = FALSE
	EndGlobalSection
	GlobalSection(ExtensibilityGlobals) = postSolution
		SolutionGuid = {2960C1D1-1966-4C32-89FC-834FC0395110}
	EndGlobalSection
EndGlobal
